{
  "name": "project-with-references",
  "lockfileVersion": 3,
  "requires": true,
  "packages": {
    "": {
      "name": "project-with-references",
      "dependencies": {
        "rollup": "^4.27.3",
        "rollup-plugin-dts": "../.."
      }
    },
    "../..": {
      "name": "@jiek/rollup-plugin-dts",
      "version": "6.2.0",
      "license": "LGPL-3.0-only",
      "dependencies": {
        "magic-string": "^0.30.12"
      },
      "devDependencies": {
        "@babel/code-frame": "^7.26.2",
        "@types/babel__code-frame": "^7.0.6",
        "@types/d3-drag": "^3.0.7",
        "@types/estree": "1.0.6",
        "@types/node": "^22.9.0",
        "@types/react": "^18.3.12",
        "c8": "^10.1.2",
        "rollup": "4.27.2",
        "typescript": "5.6.3",
        "vitest": "^2.1.5"
      },
      "engines": {
        "node": ">=16"
      },
      "funding": {
        "url": "https://github.com/sponsors/Swatinem"
      },
      "optionalDependencies": {
        "@babel/code-frame": "^7.26.2"
      },
      "peerDependencies": {
        "rollup": "^3.29.4 || ^4",
        "typescript": "^4.5 || ^5.0"
      }
    },
    "node_modules/@rollup/rollup-android-arm-eabi": {
      "version": "4.27.3",
      "resolved": "https://registry.npmjs.org/@rollup/rollup-android-arm-eabi/-/rollup-android-arm-eabi-4.27.3.tgz",
      "integrity": "sha512-EzxVSkIvCFxUd4Mgm4xR9YXrcp976qVaHnqom/Tgm+vU79k4vV4eYTjmRvGfeoW8m9LVcsAy/lGjcgVegKEhLQ==",
      "cpu": [
        "arm"
      ],
      "license": "MIT",
      "optional": true,
      "os": [
        "android"
      ]
    },
    "node_modules/@rollup/rollup-android-arm64": {
      "version": "4.27.3",
      "resolved": "https://registry.npmjs.org/@rollup/rollup-android-arm64/-/rollup-android-arm64-4.27.3.tgz",
      "integrity": "sha512-LJc5pDf1wjlt9o/Giaw9Ofl+k/vLUaYsE2zeQGH85giX2F+wn/Cg8b3c5CDP3qmVmeO5NzwVUzQQxwZvC2eQKw==",
      "cpu": [
        "arm64"
      ],
      "license": "MIT",
      "optional": true,
      "os": [
        "android"
      ]
    },
    "node_modules/@rollup/rollup-darwin-arm64": {
      "version": "4.27.3",
      "resolved": "https://registry.npmjs.org/@rollup/rollup-darwin-arm64/-/rollup-darwin-arm64-4.27.3.tgz",
      "integrity": "sha512-OuRysZ1Mt7wpWJ+aYKblVbJWtVn3Cy52h8nLuNSzTqSesYw1EuN6wKp5NW/4eSre3mp12gqFRXOKTcN3AI3LqA==",
      "cpu": [
        "arm64"
      ],
      "license": "MIT",
      "optional": true,
      "os": [
        "darwin"
      ]
    },
    "node_modules/@rollup/rollup-darwin-x64": {
      "version": "4.27.3",
      "resolved": "https://registry.npmjs.org/@rollup/rollup-darwin-x64/-/rollup-darwin-x64-4.27.3.tgz",
      "integrity": "sha512-xW//zjJMlJs2sOrCmXdB4d0uiilZsOdlGQIC/jjmMWT47lkLLoB1nsNhPUcnoqyi5YR6I4h+FjBpILxbEy8JRg==",
      "cpu": [
        "x64"
      ],
      "license": "MIT",
      "optional": true,
      "os": [
        "darwin"
      ]
    },
    "node_modules/@rollup/rollup-freebsd-arm64": {
      "version": "4.27.3",
      "resolved": "https://registry.npmjs.org/@rollup/rollup-freebsd-arm64/-/rollup-freebsd-arm64-4.27.3.tgz",
      "integrity": "sha512-58E0tIcwZ+12nK1WiLzHOD8I0d0kdrY/+o7yFVPRHuVGY3twBwzwDdTIBGRxLmyjciMYl1B/U515GJy+yn46qw==",
      "cpu": [
        "arm64"
      ],
      "license": "MIT",
      "optional": true,
      "os": [
        "freebsd"
      ]
    },
    "node_modules/@rollup/rollup-freebsd-x64": {
      "version": "4.27.3",
      "resolved": "https://registry.npmjs.org/@rollup/rollup-freebsd-x64/-/rollup-freebsd-x64-4.27.3.tgz",
      "integrity": "sha512-78fohrpcVwTLxg1ZzBMlwEimoAJmY6B+5TsyAZ3Vok7YabRBUvjYTsRXPTjGEvv/mfgVBepbW28OlMEz4w8wGA==",
      "cpu": [
        "x64"
      ],
      "license": "MIT",
      "optional": true,
      "os": [
        "freebsd"
      ]
    },
    "node_modules/@rollup/rollup-linux-arm-gnueabihf": {
      "version": "4.27.3",
      "resolved": "https://registry.npmjs.org/@rollup/rollup-linux-arm-gnueabihf/-/rollup-linux-arm-gnueabihf-4.27.3.tgz",
      "integrity": "sha512-h2Ay79YFXyQi+QZKo3ISZDyKaVD7uUvukEHTOft7kh00WF9mxAaxZsNs3o/eukbeKuH35jBvQqrT61fzKfAB/Q==",
      "cpu": [
        "arm"
      ],
      "license": "MIT",
      "optional": true,
      "os": [
        "linux"
      ]
    },
    "node_modules/@rollup/rollup-linux-arm-musleabihf": {
      "version": "4.27.3",
      "resolved": "https://registry.npmjs.org/@rollup/rollup-linux-arm-musleabihf/-/rollup-linux-arm-musleabihf-4.27.3.tgz",
      "integrity": "sha512-Sv2GWmrJfRY57urktVLQ0VKZjNZGogVtASAgosDZ1aUB+ykPxSi3X1nWORL5Jk0sTIIwQiPH7iE3BMi9zGWfkg==",
      "cpu": [
        "arm"
      ],
      "license": "MIT",
      "optional": true,
      "os": [
        "linux"
      ]
    },
    "node_modules/@rollup/rollup-linux-arm64-gnu": {
      "version": "4.27.3",
      "resolved": "https://registry.npmjs.org/@rollup/rollup-linux-arm64-gnu/-/rollup-linux-arm64-gnu-4.27.3.tgz",
      "integrity": "sha512-FPoJBLsPW2bDNWjSrwNuTPUt30VnfM8GPGRoLCYKZpPx0xiIEdFip3dH6CqgoT0RnoGXptaNziM0WlKgBc+OWQ==",
      "cpu": [
        "arm64"
      ],
      "license": "MIT",
      "optional": true,
      "os": [
        "linux"
      ]
    },
    "node_modules/@rollup/rollup-linux-arm64-musl": {
      "version": "4.27.3",
      "resolved": "https://registry.npmjs.org/@rollup/rollup-linux-arm64-musl/-/rollup-linux-arm64-musl-4.27.3.tgz",
      "integrity": "sha512-TKxiOvBorYq4sUpA0JT+Fkh+l+G9DScnG5Dqx7wiiqVMiRSkzTclP35pE6eQQYjP4Gc8yEkJGea6rz4qyWhp3g==",
      "cpu": [
        "arm64"
      ],
      "license": "MIT",
      "optional": true,
      "os": [
        "linux"
      ]
    },
    "node_modules/@rollup/rollup-linux-powerpc64le-gnu": {
      "version": "4.27.3",
      "resolved": "https://registry.npmjs.org/@rollup/rollup-linux-powerpc64le-gnu/-/rollup-linux-powerpc64le-gnu-4.27.3.tgz",
      "integrity": "sha512-v2M/mPvVUKVOKITa0oCFksnQQ/TqGrT+yD0184/cWHIu0LoIuYHwox0Pm3ccXEz8cEQDLk6FPKd1CCm+PlsISw==",
      "cpu": [
        "ppc64"
      ],
      "license": "MIT",
      "optional": true,
      "os": [
        "linux"
      ]
    },
    "node_modules/@rollup/rollup-linux-riscv64-gnu": {
      "version": "4.27.3",
      "resolved": "https://registry.npmjs.org/@rollup/rollup-linux-riscv64-gnu/-/rollup-linux-riscv64-gnu-4.27.3.tgz",
      "integrity": "sha512-LdrI4Yocb1a/tFVkzmOE5WyYRgEBOyEhWYJe4gsDWDiwnjYKjNs7PS6SGlTDB7maOHF4kxevsuNBl2iOcj3b4A==",
      "cpu": [
        "riscv64"
      ],
      "license": "MIT",
      "optional": true,
      "os": [
        "linux"
      ]
    },
    "node_modules/@rollup/rollup-linux-s390x-gnu": {
      "version": "4.27.3",
      "resolved": "https://registry.npmjs.org/@rollup/rollup-linux-s390x-gnu/-/rollup-linux-s390x-gnu-4.27.3.tgz",
      "integrity": "sha512-d4wVu6SXij/jyiwPvI6C4KxdGzuZOvJ6y9VfrcleHTwo68fl8vZC5ZYHsCVPUi4tndCfMlFniWgwonQ5CUpQcA==",
      "cpu": [
        "s390x"
      ],
      "license": "MIT",
      "optional": true,
      "os": [
        "linux"
      ]
    },
    "node_modules/@rollup/rollup-linux-x64-gnu": {
      "version": "4.27.3",
      "resolved": "https://registry.npmjs.org/@rollup/rollup-linux-x64-gnu/-/rollup-linux-x64-gnu-4.27.3.tgz",
      "integrity": "sha512-/6bn6pp1fsCGEY5n3yajmzZQAh+mW4QPItbiWxs69zskBzJuheb3tNynEjL+mKOsUSFK11X4LYF2BwwXnzWleA==",
      "cpu": [
        "x64"
      ],
      "license": "MIT",
      "optional": true,
      "os": [
        "linux"
      ]
    },
    "node_modules/@rollup/rollup-linux-x64-musl": {
      "version": "4.27.3",
      "resolved": "https://registry.npmjs.org/@rollup/rollup-linux-x64-musl/-/rollup-linux-x64-musl-4.27.3.tgz",
      "integrity": "sha512-nBXOfJds8OzUT1qUreT/en3eyOXd2EH5b0wr2bVB5999qHdGKkzGzIyKYaKj02lXk6wpN71ltLIaQpu58YFBoQ==",
      "cpu": [
        "x64"
      ],
      "license": "MIT",
      "optional": true,
      "os": [
        "linux"
      ]
    },
    "node_modules/@rollup/rollup-win32-arm64-msvc": {
      "version": "4.27.3",
      "resolved": "https://registry.npmjs.org/@rollup/rollup-win32-arm64-msvc/-/rollup-win32-arm64-msvc-4.27.3.tgz",
      "integrity": "sha512-ogfbEVQgIZOz5WPWXF2HVb6En+kWzScuxJo/WdQTqEgeyGkaa2ui5sQav9Zkr7bnNCLK48uxmmK0TySm22eiuw==",
      "cpu": [
        "arm64"
      ],
      "license": "MIT",
      "optional": true,
      "os": [
        "win32"
      ]
    },
    "node_modules/@rollup/rollup-win32-ia32-msvc": {
      "version": "4.27.3",
      "resolved": "https://registry.npmjs.org/@rollup/rollup-win32-ia32-msvc/-/rollup-win32-ia32-msvc-4.27.3.tgz",
      "integrity": "sha512-ecE36ZBMLINqiTtSNQ1vzWc5pXLQHlf/oqGp/bSbi7iedcjcNb6QbCBNG73Euyy2C+l/fn8qKWEwxr+0SSfs3w==",
      "cpu": [
        "ia32"
      ],
      "license": "MIT",
      "optional": true,
      "os": [
        "win32"
      ]
    },
    "node_modules/@rollup/rollup-win32-x64-msvc": {
      "version": "4.27.3",
      "resolved": "https://registry.npmjs.org/@rollup/rollup-win32-x64-msvc/-/rollup-win32-x64-msvc-4.27.3.tgz",
      "integrity": "sha512-vliZLrDmYKyaUoMzEbMTg2JkerfBjn03KmAw9CykO0Zzkzoyd7o3iZNam/TpyWNjNT+Cz2iO3P9Smv2wgrR+Eg==",
      "cpu": [
        "x64"
      ],
      "license": "MIT",
      "optional": true,
      "os": [
        "win32"
      ]
    },
    "node_modules/@types/estree": {
      "version": "1.0.6",
      "resolved": "https://registry.npmjs.org/@types/estree/-/estree-1.0.6.tgz",
      "integrity": "sha512-AYnb1nQyY49te+VRAVgmzfcgjYS91mY5P0TKUDCLEM+gNnA+3T6rWITXRLYCpahpqSQbN5cE+gHpnPyXjHWxcw==",
      "license": "MIT"
    },
    "node_modules/fsevents": {
      "version": "2.3.3",
      "resolved": "https://registry.npmjs.org/fsevents/-/fsevents-2.3.3.tgz",
      "integrity": "sha512-5xoDfX+fL7faATnagmWPpbFtwh/R77WmMMqqHGS65C3vvB0YHrgF+B1YmZ3441tMj5n63k0212XNoJwzlhffQw==",
      "hasInstallScript": true,
      "license": "MIT",
      "optional": true,
      "os": [
        "darwin"
      ],
      "engines": {
        "node": "^8.16.0 || ^10.6.0 || >=11.0.0"
      }
    },
    "node_modules/rollup": {
      "version": "4.27.3",
      "resolved": "https://registry.npmjs.org/rollup/-/rollup-4.27.3.tgz",
      "integrity": "sha512-SLsCOnlmGt9VoZ9Ek8yBK8tAdmPHeppkw+Xa7yDlCEhDTvwYei03JlWo1fdc7YTfLZ4tD8riJCUyAgTbszk1fQ==",
      "license": "MIT",
      "dependencies": {
        "@types/estree": "1.0.6"
      },
      "bin": {
        "rollup": "dist/bin/rollup"
      },
      "engines": {
        "node": ">=18.0.0",
        "npm": ">=8.0.0"
      },
      "optionalDependencies": {
        "@rollup/rollup-android-arm-eabi": "4.27.3",
        "@rollup/rollup-android-arm64": "4.27.3",
        "@rollup/rollup-darwin-arm64": "4.27.3",
        "@rollup/rollup-darwin-x64": "4.27.3",
        "@rollup/rollup-freebsd-arm64": "4.27.3",
        "@rollup/rollup-freebsd-x64": "4.27.3",
        "@rollup/rollup-linux-arm-gnueabihf": "4.27.3",
        "@rollup/rollup-linux-arm-musleabihf": "4.27.3",
        "@rollup/rollup-linux-arm64-gnu": "4.27.3",
        "@rollup/rollup-linux-arm64-musl": "4.27.3",
        "@rollup/rollup-linux-powerpc64le-gnu": "4.27.3",
        "@rollup/rollup-linux-riscv64-gnu": "4.27.3",
        "@rollup/rollup-linux-s390x-gnu": "4.27.3",
        "@rollup/rollup-linux-x64-gnu": "4.27.3",
        "@rollup/rollup-linux-x64-musl": "4.27.3",
        "@rollup/rollup-win32-arm64-msvc": "4.27.3",
        "@rollup/rollup-win32-ia32-msvc": "4.27.3",
        "@rollup/rollup-win32-x64-msvc": "4.27.3",
        "fsevents": "~2.3.2"
      }
    },
    "node_modules/rollup-plugin-dts": {
      "resolved": "../..",
      "link": true
    }
  }
}
